// !$*UTF8*$!
{
	archiveVersion = 1;
	classes = {
	};
	objectVersion = 56;
	objects = {

/* Begin PBXBuildFile section */
		335F65302BEFB73000582CC1 /* Snowflake.swift in Sources */ = {isa = PBXBuildFile; fileRef = 335F652F2BEFB73000582CC1 /* Snowflake.swift */; };
		335F65342BEFF4F800582CC1 /* DFMRole.swift in Sources */ = {isa = PBXBuildFile; fileRef = 335F65332BEFF4F800582CC1 /* DFMRole.swift */; };
		335F65362BEFF79C00582CC1 /* DFMEmoji.swift in Sources */ = {isa = PBXBuildFile; fileRef = 335F65352BEFF79C00582CC1 /* DFMEmoji.swift */; };
		335F65382BEFF84F00582CC1 /* DFMGuildFeature.swift in Sources */ = {isa = PBXBuildFile; fileRef = 335F65372BEFF84F00582CC1 /* DFMGuildFeature.swift */; };
		335F653A2BEFF8BF00582CC1 /* DFMWelcomeScreen.swift in Sources */ = {isa = PBXBuildFile; fileRef = 335F65392BEFF8BF00582CC1 /* DFMWelcomeScreen.swift */; };
		335F653C2BEFF9B300582CC1 /* DFMSticker.swift in Sources */ = {isa = PBXBuildFile; fileRef = 335F653B2BEFF9B300582CC1 /* DFMSticker.swift */; };
		335F653E2BEFFCDE00582CC1 /* DFMPermission.swift in Sources */ = {isa = PBXBuildFile; fileRef = 335F653D2BEFFCDE00582CC1 /* DFMPermission.swift */; };
		335F65402BF0039A00582CC1 /* DFMChannelType.swift in Sources */ = {isa = PBXBuildFile; fileRef = 335F653F2BF0039A00582CC1 /* DFMChannelType.swift */; };
		335F65422BF003F300582CC1 /* DFMPermissionOverride.swift in Sources */ = {isa = PBXBuildFile; fileRef = 335F65412BF003F300582CC1 /* DFMPermissionOverride.swift */; };
		335F65442BF005A800582CC1 /* DFMThreadMetadata.swift in Sources */ = {isa = PBXBuildFile; fileRef = 335F65432BF005A800582CC1 /* DFMThreadMetadata.swift */; };
		335F65462BF008E700582CC1 /* DFMGuildMember.swift in Sources */ = {isa = PBXBuildFile; fileRef = 335F65452BF008E700582CC1 /* DFMGuildMember.swift */; };
		335F65482BF01B9500582CC1 /* DFMThreadMember.swift in Sources */ = {isa = PBXBuildFile; fileRef = 335F65472BF01B9500582CC1 /* DFMThreadMember.swift */; };
		335F654A2BF01D2400582CC1 /* DFMForumTag.swift in Sources */ = {isa = PBXBuildFile; fileRef = 335F65492BF01D2400582CC1 /* DFMForumTag.swift */; };
		335F654C2BF0200B00582CC1 /* DFMDefaultReaction.swift in Sources */ = {isa = PBXBuildFile; fileRef = 335F654B2BF0200B00582CC1 /* DFMDefaultReaction.swift */; };
		335F65512BF02C1600582CC1 /* DFMGuildListView.swift in Sources */ = {isa = PBXBuildFile; fileRef = 335F65502BF02C1600582CC1 /* DFMGuildListView.swift */; };
		335F65532BF03CBD00582CC1 /* CaseIterableDefaultsLast.swift in Sources */ = {isa = PBXBuildFile; fileRef = 335F65522BF03CBD00582CC1 /* CaseIterableDefaultsLast.swift */; };
		335F65552BF060D100582CC1 /* GetDFMUserInfo.swift in Sources */ = {isa = PBXBuildFile; fileRef = 335F65542BF060D100582CC1 /* GetDFMUserInfo.swift */; };
		335F65572BF067F200582CC1 /* DFMUserFlags.swift in Sources */ = {isa = PBXBuildFile; fileRef = 335F65562BF067F200582CC1 /* DFMUserFlags.swift */; };
		335F65592BF06C3000582CC1 /* DFMUserSelfView.swift in Sources */ = {isa = PBXBuildFile; fileRef = 335F65582BF06C2F00582CC1 /* DFMUserSelfView.swift */; };
		335F655C2BF100A300582CC1 /* DFMInformation.swift in Sources */ = {isa = PBXBuildFile; fileRef = 335F655B2BF100A300582CC1 /* DFMInformation.swift */; };
		335F655F2BF2CDC700582CC1 /* CodableExplicitNull.swift in Sources */ = {isa = PBXBuildFile; fileRef = 335F655E2BF2CDC700582CC1 /* CodableExplicitNull.swift */; };
		335F65622BF2CFDA00582CC1 /* DFMGatewayOp.swift in Sources */ = {isa = PBXBuildFile; fileRef = 335F65612BF2CFDA00582CC1 /* DFMGatewayOp.swift */; };
		335F65652BF2DBF400582CC1 /* DFMGatewayServerHello.swift in Sources */ = {isa = PBXBuildFile; fileRef = 335F65642BF2DBF400582CC1 /* DFMGatewayServerHello.swift */; };
		335F65672BF2DC1E00582CC1 /* DFMGatewayHeartbeat.swift in Sources */ = {isa = PBXBuildFile; fileRef = 335F65662BF2DC1E00582CC1 /* DFMGatewayHeartbeat.swift */; };
		335F656C2BF2DC8F00582CC1 /* DFMGatewayClientIdentify.swift in Sources */ = {isa = PBXBuildFile; fileRef = 335F656B2BF2DC8F00582CC1 /* DFMGatewayClientIdentify.swift */; };
		335F656E2BF2F9BB00582CC1 /* DFMGatewayConnectionSocket.swift in Sources */ = {isa = PBXBuildFile; fileRef = 335F656D2BF2F9BB00582CC1 /* DFMGatewayConnectionSocket.swift */; };
		335F65732BF4ED0600582CC1 /* DFMGatewayServerReady.swift in Sources */ = {isa = PBXBuildFile; fileRef = 335F65722BF4ED0600582CC1 /* DFMGatewayServerReady.swift */; };
		335F65762BF4F02600582CC1 /* DFMGatewayRelationship.swift in Sources */ = {isa = PBXBuildFile; fileRef = 335F65752BF4F02600582CC1 /* DFMGatewayRelationship.swift */; };
		335F65782BF4F0DB00582CC1 /* DFMRelationshipType.swift in Sources */ = {isa = PBXBuildFile; fileRef = 335F65772BF4F0DA00582CC1 /* DFMRelationshipType.swift */; };
		335F657B2BF525C200582CC1 /* DFMUserUpdater.swift in Sources */ = {isa = PBXBuildFile; fileRef = 335F657A2BF525C200582CC1 /* DFMUserUpdater.swift */; };
		335F657D2BF5286800582CC1 /* DFMGatewayUpdate.swift in Sources */ = {isa = PBXBuildFile; fileRef = 335F657C2BF5286800582CC1 /* DFMGatewayUpdate.swift */; };
		335F657F2BF538E600582CC1 /* DateFormatter.swift in Sources */ = {isa = PBXBuildFile; fileRef = 335F657E2BF538E600582CC1 /* DateFormatter.swift */; };
		3379898E2BF654B60072F76B /* DFMChannelListView.swift in Sources */ = {isa = PBXBuildFile; fileRef = 3379898D2BF654B60072F76B /* DFMChannelListView.swift */; };
		338BA14C2BF6CE490084ED05 /* DFMUserReferenceUpdater.swift in Sources */ = {isa = PBXBuildFile; fileRef = 338BA14B2BF6CE490084ED05 /* DFMUserReferenceUpdater.swift */; };
		338BA14F2BF6D5930084ED05 /* DFMChannelViewData.swift in Sources */ = {isa = PBXBuildFile; fileRef = 338BA14E2BF6D5930084ED05 /* DFMChannelViewData.swift */; };
		338BA1522BF6D64A0084ED05 /* DFMGuildViewData.swift in Sources */ = {isa = PBXBuildFile; fileRef = 338BA1512BF6D64A0084ED05 /* DFMGuildViewData.swift */; };
		338BA1542BF798C50084ED05 /* DFMPrivateChannelsUpdater.swift in Sources */ = {isa = PBXBuildFile; fileRef = 338BA1532BF798C50084ED05 /* DFMPrivateChannelsUpdater.swift */; };
		338BA1562BF7C83F0084ED05 /* DFMPrivateChannelView.swift in Sources */ = {isa = PBXBuildFile; fileRef = 338BA1552BF7C83F0084ED05 /* DFMPrivateChannelView.swift */; };
		338F7C322C0B9E33008EBDA0 /* GetMessages.swift in Sources */ = {isa = PBXBuildFile; fileRef = 338F7C312C0B9E33008EBDA0 /* GetMessages.swift */; };
		338F7C342C0CD341008EBDA0 /* GetPresences.swift in Sources */ = {isa = PBXBuildFile; fileRef = 338F7C332C0CD341008EBDA0 /* GetPresences.swift */; };
		338F7C362C0CD4CB008EBDA0 /* DFMPresence.swift in Sources */ = {isa = PBXBuildFile; fileRef = 338F7C352C0CD4CB008EBDA0 /* DFMPresence.swift */; };
		33A8020D2C0D59220068AA11 /* DFMGatewayServerReadySupplemental.swift in Sources */ = {isa = PBXBuildFile; fileRef = 33A8020C2C0D59220068AA11 /* DFMGatewayServerReadySupplemental.swift */; };
		33AAD1272C0D660B00DD888D /* DFMPresencesUpdater.swift in Sources */ = {isa = PBXBuildFile; fileRef = 33AAD1262C0D660B00DD888D /* DFMPresencesUpdater.swift */; };
		33AAD1292C0E7E7900DD888D /* DFMMessageView.swift in Sources */ = {isa = PBXBuildFile; fileRef = 33AAD1282C0E7E7900DD888D /* DFMMessageView.swift */; };
		33AAD12B2C0F7DD700DD888D /* SendMessage.swift in Sources */ = {isa = PBXBuildFile; fileRef = 33AAD12A2C0F7DD700DD888D /* SendMessage.swift */; };
		33AAD1322C10969F00DD888D /* DFMGatewayServerMessage.swift in Sources */ = {isa = PBXBuildFile; fileRef = 33AAD1312C10969F00DD888D /* DFMGatewayServerMessage.swift */; };
		33AAD1342C10B63300DD888D /* DFMMessageUpdater.swift in Sources */ = {isa = PBXBuildFile; fileRef = 33AAD1332C10B63300DD888D /* DFMMessageUpdater.swift */; };
		33AAD1382C13925500DD888D /* AppIcon.swift in Sources */ = {isa = PBXBuildFile; fileRef = 33AAD1372C13925500DD888D /* AppIcon.swift */; };
		33AC897D2BED209100BDC7E2 /* DiscordForMacApp.swift in Sources */ = {isa = PBXBuildFile; fileRef = 33AC897C2BED209100BDC7E2 /* DiscordForMacApp.swift */; };
		33AC897F2BED209100BDC7E2 /* ContentView.swift in Sources */ = {isa = PBXBuildFile; fileRef = 33AC897E2BED209100BDC7E2 /* ContentView.swift */; };
		33AC89812BED209400BDC7E2 /* Assets.xcassets in Resources */ = {isa = PBXBuildFile; fileRef = 33AC89802BED209400BDC7E2 /* Assets.xcassets */; };
		33AC89852BED209400BDC7E2 /* Preview Assets.xcassets in Resources */ = {isa = PBXBuildFile; fileRef = 33AC89842BED209400BDC7E2 /* Preview Assets.xcassets */; };
		33AC898F2BED3A6C00BDC7E2 /* DFMGuild.swift in Sources */ = {isa = PBXBuildFile; fileRef = 33AC898E2BED3A6C00BDC7E2 /* DFMGuild.swift */; };
		33AC89912BED3FC700BDC7E2 /* DFMConstants.swift in Sources */ = {isa = PBXBuildFile; fileRef = 33AC89902BED3FC700BDC7E2 /* DFMConstants.swift */; };
		33AC89932BEE737100BDC7E2 /* DFMImageCache.swift in Sources */ = {isa = PBXBuildFile; fileRef = 33AC89922BEE737100BDC7E2 /* DFMImageCache.swift */; };
		33AC89992BEE78AF00BDC7E2 /* DFMImageView.swift in Sources */ = {isa = PBXBuildFile; fileRef = 33AC89982BEE78AF00BDC7E2 /* DFMImageView.swift */; };
		33AC899C2BEE916100BDC7E2 /* NSRegularExpression.swift in Sources */ = {isa = PBXBuildFile; fileRef = 33AC899B2BEE916100BDC7E2 /* NSRegularExpression.swift */; };
		33AC89A02BEEEAF300BDC7E2 /* GetDFMGuildsList.swift in Sources */ = {isa = PBXBuildFile; fileRef = 33AC899F2BEEEAF300BDC7E2 /* GetDFMGuildsList.swift */; };
		33AC89A52BEEF91300BDC7E2 /* DFMChannel.swift in Sources */ = {isa = PBXBuildFile; fileRef = 33AC89A42BEEF91300BDC7E2 /* DFMChannel.swift */; };
		33AC89A82BEEFEF300BDC7E2 /* DFMUser.swift in Sources */ = {isa = PBXBuildFile; fileRef = 33AC89A72BEEFEF300BDC7E2 /* DFMUser.swift */; };
		33AC89AA2BEFA5BD00BDC7E2 /* DFMChannelEnums.swift in Sources */ = {isa = PBXBuildFile; fileRef = 33AC89A92BEFA5BD00BDC7E2 /* DFMChannelEnums.swift */; };
		33B967C32C18B6C000032CD9 /* KeychainAccess in Frameworks */ = {isa = PBXBuildFile; productRef = 33B967C22C18B6C000032CD9 /* KeychainAccess */; };
		33B967C62C18B8A400032CD9 /* LaunchScreen.swift in Sources */ = {isa = PBXBuildFile; fileRef = 33B967C52C18B8A400032CD9 /* LaunchScreen.swift */; };
		33B967C82C1A63E300032CD9 /* VisualEffectView.swift in Sources */ = {isa = PBXBuildFile; fileRef = 33B967C72C1A63DA00032CD9 /* VisualEffectView.swift */; };
		33B967CA2C1A6A8400032CD9 /* DFMFunctions.swift in Sources */ = {isa = PBXBuildFile; fileRef = 33B967C92C1A6A8100032CD9 /* DFMFunctions.swift */; };
		33D0C1302BFFD78800905F06 /* DFMMessage.swift in Sources */ = {isa = PBXBuildFile; fileRef = 33D0C12F2BFFD78800905F06 /* DFMMessage.swift */; };
		33EDDF282BF5ACC400FBE476 /* DFMGuildsUpdater.swift in Sources */ = {isa = PBXBuildFile; fileRef = 33EDDF272BF5ACC400FBE476 /* DFMGuildsUpdater.swift */; };
/* End PBXBuildFile section */

/* Begin PBXFileReference section */
		335316F72C17A87E0003B1BB /* README.md */ = {isa = PBXFileReference; lastKnownFileType = net.daringfireball.markdown; path = README.md; sourceTree = "<group>"; };
		335F652F2BEFB73000582CC1 /* Snowflake.swift */ = {isa = PBXFileReference; lastKnownFileType = sourcecode.swift; path = Snowflake.swift; sourceTree = "<group>"; };
		335F65332BEFF4F800582CC1 /* DFMRole.swift */ = {isa = PBXFileReference; lastKnownFileType = sourcecode.swift; path = DFMRole.swift; sourceTree = "<group>"; };
		335F65352BEFF79C00582CC1 /* DFMEmoji.swift */ = {isa = PBXFileReference; lastKnownFileType = sourcecode.swift; path = DFMEmoji.swift; sourceTree = "<group>"; };
		335F65372BEFF84F00582CC1 /* DFMGuildFeature.swift */ = {isa = PBXFileReference; lastKnownFileType = sourcecode.swift; path = DFMGuildFeature.swift; sourceTree = "<group>"; };
		335F65392BEFF8BF00582CC1 /* DFMWelcomeScreen.swift */ = {isa = PBXFileReference; lastKnownFileType = sourcecode.swift; path = DFMWelcomeScreen.swift; sourceTree = "<group>"; };
		335F653B2BEFF9B300582CC1 /* DFMSticker.swift */ = {isa = PBXFileReference; lastKnownFileType = sourcecode.swift; path = DFMSticker.swift; sourceTree = "<group>"; };
		335F653D2BEFFCDE00582CC1 /* DFMPermission.swift */ = {isa = PBXFileReference; lastKnownFileType = sourcecode.swift; path = DFMPermission.swift; sourceTree = "<group>"; };
		335F653F2BF0039A00582CC1 /* DFMChannelType.swift */ = {isa = PBXFileReference; lastKnownFileType = sourcecode.swift; path = DFMChannelType.swift; sourceTree = "<group>"; };
		335F65412BF003F300582CC1 /* DFMPermissionOverride.swift */ = {isa = PBXFileReference; lastKnownFileType = sourcecode.swift; path = DFMPermissionOverride.swift; sourceTree = "<group>"; };
		335F65432BF005A800582CC1 /* DFMThreadMetadata.swift */ = {isa = PBXFileReference; lastKnownFileType = sourcecode.swift; path = DFMThreadMetadata.swift; sourceTree = "<group>"; };
		335F65452BF008E700582CC1 /* DFMGuildMember.swift */ = {isa = PBXFileReference; lastKnownFileType = sourcecode.swift; path = DFMGuildMember.swift; sourceTree = "<group>"; };
		335F65472BF01B9500582CC1 /* DFMThreadMember.swift */ = {isa = PBXFileReference; lastKnownFileType = sourcecode.swift; path = DFMThreadMember.swift; sourceTree = "<group>"; };
		335F65492BF01D2400582CC1 /* DFMForumTag.swift */ = {isa = PBXFileReference; lastKnownFileType = sourcecode.swift; path = DFMForumTag.swift; sourceTree = "<group>"; };
		335F654B2BF0200B00582CC1 /* DFMDefaultReaction.swift */ = {isa = PBXFileReference; lastKnownFileType = sourcecode.swift; path = DFMDefaultReaction.swift; sourceTree = "<group>"; };
		335F65502BF02C1600582CC1 /* DFMGuildListView.swift */ = {isa = PBXFileReference; lastKnownFileType = sourcecode.swift; path = DFMGuildListView.swift; sourceTree = "<group>"; };
		335F65522BF03CBD00582CC1 /* CaseIterableDefaultsLast.swift */ = {isa = PBXFileReference; lastKnownFileType = sourcecode.swift; path = CaseIterableDefaultsLast.swift; sourceTree = "<group>"; };
		335F65542BF060D100582CC1 /* GetDFMUserInfo.swift */ = {isa = PBXFileReference; lastKnownFileType = sourcecode.swift; path = GetDFMUserInfo.swift; sourceTree = "<group>"; };
		335F65562BF067F200582CC1 /* DFMUserFlags.swift */ = {isa = PBXFileReference; lastKnownFileType = sourcecode.swift; path = DFMUserFlags.swift; sourceTree = "<group>"; };
		335F65582BF06C2F00582CC1 /* DFMUserSelfView.swift */ = {isa = PBXFileReference; lastKnownFileType = sourcecode.swift; path = DFMUserSelfView.swift; sourceTree = "<group>"; };
		335F655B2BF100A300582CC1 /* DFMInformation.swift */ = {isa = PBXFileReference; lastKnownFileType = sourcecode.swift; path = DFMInformation.swift; sourceTree = "<group>"; };
		335F655E2BF2CDC700582CC1 /* CodableExplicitNull.swift */ = {isa = PBXFileReference; lastKnownFileType = sourcecode.swift; path = CodableExplicitNull.swift; sourceTree = "<group>"; };
		335F65612BF2CFDA00582CC1 /* DFMGatewayOp.swift */ = {isa = PBXFileReference; lastKnownFileType = sourcecode.swift; path = DFMGatewayOp.swift; sourceTree = "<group>"; };
		335F65642BF2DBF400582CC1 /* DFMGatewayServerHello.swift */ = {isa = PBXFileReference; lastKnownFileType = sourcecode.swift; path = DFMGatewayServerHello.swift; sourceTree = "<group>"; };
		335F65662BF2DC1E00582CC1 /* DFMGatewayHeartbeat.swift */ = {isa = PBXFileReference; lastKnownFileType = sourcecode.swift; path = DFMGatewayHeartbeat.swift; sourceTree = "<group>"; };
		335F656B2BF2DC8F00582CC1 /* DFMGatewayClientIdentify.swift */ = {isa = PBXFileReference; lastKnownFileType = sourcecode.swift; path = DFMGatewayClientIdentify.swift; sourceTree = "<group>"; };
		335F656D2BF2F9BB00582CC1 /* DFMGatewayConnectionSocket.swift */ = {isa = PBXFileReference; lastKnownFileType = sourcecode.swift; path = DFMGatewayConnectionSocket.swift; sourceTree = "<group>"; };
		335F65722BF4ED0600582CC1 /* DFMGatewayServerReady.swift */ = {isa = PBXFileReference; lastKnownFileType = sourcecode.swift; path = DFMGatewayServerReady.swift; sourceTree = "<group>"; };
		335F65752BF4F02600582CC1 /* DFMGatewayRelationship.swift */ = {isa = PBXFileReference; lastKnownFileType = sourcecode.swift; path = DFMGatewayRelationship.swift; sourceTree = "<group>"; };
		335F65772BF4F0DA00582CC1 /* DFMRelationshipType.swift */ = {isa = PBXFileReference; lastKnownFileType = sourcecode.swift; path = DFMRelationshipType.swift; sourceTree = "<group>"; };
		335F657A2BF525C200582CC1 /* DFMUserUpdater.swift */ = {isa = PBXFileReference; lastKnownFileType = sourcecode.swift; path = DFMUserUpdater.swift; sourceTree = "<group>"; };
		335F657C2BF5286800582CC1 /* DFMGatewayUpdate.swift */ = {isa = PBXFileReference; lastKnownFileType = sourcecode.swift; path = DFMGatewayUpdate.swift; sourceTree = "<group>"; };
		335F657E2BF538E600582CC1 /* DateFormatter.swift */ = {isa = PBXFileReference; lastKnownFileType = sourcecode.swift; path = DateFormatter.swift; sourceTree = "<group>"; };
		3379898D2BF654B60072F76B /* DFMChannelListView.swift */ = {isa = PBXFileReference; lastKnownFileType = sourcecode.swift; path = DFMChannelListView.swift; sourceTree = "<group>"; };
		338BA14B2BF6CE490084ED05 /* DFMUserReferenceUpdater.swift */ = {isa = PBXFileReference; lastKnownFileType = sourcecode.swift; path = DFMUserReferenceUpdater.swift; sourceTree = "<group>"; };
		338BA14E2BF6D5930084ED05 /* DFMChannelViewData.swift */ = {isa = PBXFileReference; lastKnownFileType = sourcecode.swift; path = DFMChannelViewData.swift; sourceTree = "<group>"; };
		338BA1512BF6D64A0084ED05 /* DFMGuildViewData.swift */ = {isa = PBXFileReference; lastKnownFileType = sourcecode.swift; path = DFMGuildViewData.swift; sourceTree = "<group>"; };
		338BA1532BF798C50084ED05 /* DFMPrivateChannelsUpdater.swift */ = {isa = PBXFileReference; lastKnownFileType = sourcecode.swift; path = DFMPrivateChannelsUpdater.swift; sourceTree = "<group>"; };
		338BA1552BF7C83F0084ED05 /* DFMPrivateChannelView.swift */ = {isa = PBXFileReference; lastKnownFileType = sourcecode.swift; path = DFMPrivateChannelView.swift; sourceTree = "<group>"; };
		338F7C312C0B9E33008EBDA0 /* GetMessages.swift */ = {isa = PBXFileReference; lastKnownFileType = sourcecode.swift; path = GetMessages.swift; sourceTree = "<group>"; };
		338F7C332C0CD341008EBDA0 /* GetPresences.swift */ = {isa = PBXFileReference; lastKnownFileType = sourcecode.swift; path = GetPresences.swift; sourceTree = "<group>"; };
		338F7C352C0CD4CB008EBDA0 /* DFMPresence.swift */ = {isa = PBXFileReference; lastKnownFileType = sourcecode.swift; path = DFMPresence.swift; sourceTree = "<group>"; };
		33A8020C2C0D59220068AA11 /* DFMGatewayServerReadySupplemental.swift */ = {isa = PBXFileReference; lastKnownFileType = sourcecode.swift; path = DFMGatewayServerReadySupplemental.swift; sourceTree = "<group>"; };
		33AAD1262C0D660B00DD888D /* DFMPresencesUpdater.swift */ = {isa = PBXFileReference; lastKnownFileType = sourcecode.swift; path = DFMPresencesUpdater.swift; sourceTree = "<group>"; };
		33AAD1282C0E7E7900DD888D /* DFMMessageView.swift */ = {isa = PBXFileReference; lastKnownFileType = sourcecode.swift; path = DFMMessageView.swift; sourceTree = "<group>"; };
		33AAD12A2C0F7DD700DD888D /* SendMessage.swift */ = {isa = PBXFileReference; lastKnownFileType = sourcecode.swift; path = SendMessage.swift; sourceTree = "<group>"; };
		33AAD12C2C0FE70800DD888D /* Info.plist */ = {isa = PBXFileReference; lastKnownFileType = text.plist; path = Info.plist; sourceTree = "<group>"; };
		33AAD1312C10969F00DD888D /* DFMGatewayServerMessage.swift */ = {isa = PBXFileReference; lastKnownFileType = sourcecode.swift; path = DFMGatewayServerMessage.swift; sourceTree = "<group>"; };
		33AAD1332C10B63300DD888D /* DFMMessageUpdater.swift */ = {isa = PBXFileReference; lastKnownFileType = sourcecode.swift; path = DFMMessageUpdater.swift; sourceTree = "<group>"; };
		33AAD1372C13925500DD888D /* AppIcon.swift */ = {isa = PBXFileReference; lastKnownFileType = sourcecode.swift; path = AppIcon.swift; sourceTree = "<group>"; };
		33AC89792BED209100BDC7E2 /* DiscordForMac.app */ = {isa = PBXFileReference; explicitFileType = wrapper.application; includeInIndex = 0; path = DiscordForMac.app; sourceTree = BUILT_PRODUCTS_DIR; };
		33AC897C2BED209100BDC7E2 /* DiscordForMacApp.swift */ = {isa = PBXFileReference; lastKnownFileType = sourcecode.swift; name = DiscordForMacApp.swift; path = DiscordForMac/DiscordForMacApp.swift; sourceTree = SOURCE_ROOT; };
		33AC897E2BED209100BDC7E2 /* ContentView.swift */ = {isa = PBXFileReference; lastKnownFileType = sourcecode.swift; path = ContentView.swift; sourceTree = "<group>"; };
		33AC89802BED209400BDC7E2 /* Assets.xcassets */ = {isa = PBXFileReference; lastKnownFileType = folder.assetcatalog; path = Assets.xcassets; sourceTree = "<group>"; };
		33AC89822BED209400BDC7E2 /* DiscordForMac.entitlements */ = {isa = PBXFileReference; lastKnownFileType = text.plist.entitlements; path = DiscordForMac.entitlements; sourceTree = "<group>"; };
		33AC89842BED209400BDC7E2 /* Preview Assets.xcassets */ = {isa = PBXFileReference; lastKnownFileType = folder.assetcatalog; path = "Preview Assets.xcassets"; sourceTree = "<group>"; };
		33AC898E2BED3A6C00BDC7E2 /* DFMGuild.swift */ = {isa = PBXFileReference; lastKnownFileType = sourcecode.swift; name = DFMGuild.swift; path = DiscordForMac/API/Structures/Guilds/DFMGuild.swift; sourceTree = SOURCE_ROOT; };
		33AC89902BED3FC700BDC7E2 /* DFMConstants.swift */ = {isa = PBXFileReference; lastKnownFileType = sourcecode.swift; path = DFMConstants.swift; sourceTree = "<group>"; };
		33AC89922BEE737100BDC7E2 /* DFMImageCache.swift */ = {isa = PBXFileReference; lastKnownFileType = sourcecode.swift; path = DFMImageCache.swift; sourceTree = "<group>"; };
		33AC89982BEE78AF00BDC7E2 /* DFMImageView.swift */ = {isa = PBXFileReference; lastKnownFileType = sourcecode.swift; path = DFMImageView.swift; sourceTree = "<group>"; };
		33AC899B2BEE916100BDC7E2 /* NSRegularExpression.swift */ = {isa = PBXFileReference; lastKnownFileType = sourcecode.swift; path = NSRegularExpression.swift; sourceTree = "<group>"; };
		33AC899F2BEEEAF300BDC7E2 /* GetDFMGuildsList.swift */ = {isa = PBXFileReference; lastKnownFileType = sourcecode.swift; path = GetDFMGuildsList.swift; sourceTree = "<group>"; };
		33AC89A42BEEF91300BDC7E2 /* DFMChannel.swift */ = {isa = PBXFileReference; lastKnownFileType = sourcecode.swift; name = DFMChannel.swift; path = DiscordForMac/API/Structures/Channels/DFMChannel.swift; sourceTree = SOURCE_ROOT; usesTabs = 0; };
		33AC89A72BEEFEF300BDC7E2 /* DFMUser.swift */ = {isa = PBXFileReference; lastKnownFileType = sourcecode.swift; path = DFMUser.swift; sourceTree = "<group>"; };
		33AC89A92BEFA5BD00BDC7E2 /* DFMChannelEnums.swift */ = {isa = PBXFileReference; lastKnownFileType = sourcecode.swift; path = DFMChannelEnums.swift; sourceTree = "<group>"; };
		33B967C52C18B8A400032CD9 /* LaunchScreen.swift */ = {isa = PBXFileReference; lastKnownFileType = sourcecode.swift; path = LaunchScreen.swift; sourceTree = "<group>"; };
		33B967C72C1A63DA00032CD9 /* VisualEffectView.swift */ = {isa = PBXFileReference; lastKnownFileType = sourcecode.swift; path = VisualEffectView.swift; sourceTree = "<group>"; };
		33B967C92C1A6A8100032CD9 /* DFMFunctions.swift */ = {isa = PBXFileReference; lastKnownFileType = sourcecode.swift; path = DFMFunctions.swift; sourceTree = "<group>"; };
		33D0C12F2BFFD78800905F06 /* DFMMessage.swift */ = {isa = PBXFileReference; lastKnownFileType = sourcecode.swift; path = DFMMessage.swift; sourceTree = "<group>"; };
		33EDDF272BF5ACC400FBE476 /* DFMGuildsUpdater.swift */ = {isa = PBXFileReference; lastKnownFileType = sourcecode.swift; path = DFMGuildsUpdater.swift; sourceTree = "<group>"; };
/* End PBXFileReference section */

/* Begin PBXFrameworksBuildPhase section */
		33AC89762BED209100BDC7E2 /* Frameworks */ = {
			isa = PBXFrameworksBuildPhase;
			buildActionMask = 2147483647;
			files = (
				33B967C32C18B6C000032CD9 /* KeychainAccess in Frameworks */,
			);
			runOnlyForDeploymentPostprocessing = 0;
		};
/* End PBXFrameworksBuildPhase section */

/* Begin PBXGroup section */
		335F652E2BEFB72000582CC1 /* Types */ = {
			isa = PBXGroup;
			children = (
				335F652F2BEFB73000582CC1 /* Snowflake.swift */,
				335F653D2BEFFCDE00582CC1 /* DFMPermission.swift */,
				335F65562BF067F200582CC1 /* DFMUserFlags.swift */,
				33AAD1372C13925500DD888D /* AppIcon.swift */,
			);
			path = Types;
			sourceTree = "<group>";
		};
		335F654D2BF02B0000582CC1 /* Interface */ = {
			isa = PBXGroup;
			children = (
				335F65502BF02C1600582CC1 /* DFMGuildListView.swift */,
				335F65582BF06C2F00582CC1 /* DFMUserSelfView.swift */,
				3379898D2BF654B60072F76B /* DFMChannelListView.swift */,
				338BA1552BF7C83F0084ED05 /* DFMPrivateChannelView.swift */,
				33AAD1282C0E7E7900DD888D /* DFMMessageView.swift */,
				33B967C52C18B8A400032CD9 /* LaunchScreen.swift */,
			);
			path = Interface;
			sourceTree = "<group>";
		};
		335F655A2BF1009400582CC1 /* Data */ = {
			isa = PBXGroup;
			children = (
				33AC89902BED3FC700BDC7E2 /* DFMConstants.swift */,
				335F655B2BF100A300582CC1 /* DFMInformation.swift */,
			);
			path = Data;
			sourceTree = "<group>";
		};
		335F655D2BF2966C00582CC1 /* Gateway */ = {
			isa = PBXGroup;
			children = (
				335F656D2BF2F9BB00582CC1 /* DFMGatewayConnectionSocket.swift */,
			);
			path = Gateway;
			sourceTree = "<group>";
		};
		335F65602BF2CE2F00582CC1 /* Gateway */ = {
			isa = PBXGroup;
			children = (
				33AAD1302C10968E00DD888D /* MessageCreate */,
				335F65692BF2DC5000582CC1 /* Default */,
				335F65712BF4ECE100582CC1 /* Ready */,
				33A8020B2C0D58F30068AA11 /* ReadySupplemental */,
				335F65632BF2DBB400582CC1 /* Hello */,
				335F65682BF2DC2200582CC1 /* Heartbeat */,
				335F656A2BF2DC6E00582CC1 /* Identify */,
			);
			path = Gateway;
			sourceTree = "<group>";
		};
		335F65632BF2DBB400582CC1 /* Hello */ = {
			isa = PBXGroup;
			children = (
				335F65642BF2DBF400582CC1 /* DFMGatewayServerHello.swift */,
			);
			path = Hello;
			sourceTree = "<group>";
		};
		335F65682BF2DC2200582CC1 /* Heartbeat */ = {
			isa = PBXGroup;
			children = (
				335F65662BF2DC1E00582CC1 /* DFMGatewayHeartbeat.swift */,
			);
			path = Heartbeat;
			sourceTree = "<group>";
		};
		335F65692BF2DC5000582CC1 /* Default */ = {
			isa = PBXGroup;
			children = (
				335F65612BF2CFDA00582CC1 /* DFMGatewayOp.swift */,
				335F657C2BF5286800582CC1 /* DFMGatewayUpdate.swift */,
			);
			path = Default;
			sourceTree = "<group>";
		};
		335F656A2BF2DC6E00582CC1 /* Identify */ = {
			isa = PBXGroup;
			children = (
				335F656B2BF2DC8F00582CC1 /* DFMGatewayClientIdentify.swift */,
			);
			path = Identify;
			sourceTree = "<group>";
		};
		335F65712BF4ECE100582CC1 /* Ready */ = {
			isa = PBXGroup;
			children = (
				335F65752BF4F02600582CC1 /* DFMGatewayRelationship.swift */,
				335F65772BF4F0DA00582CC1 /* DFMRelationshipType.swift */,
				335F65722BF4ED0600582CC1 /* DFMGatewayServerReady.swift */,
			);
			path = Ready;
			sourceTree = "<group>";
		};
		335F65742BF4F01600582CC1 /* Relationships */ = {
			isa = PBXGroup;
			children = (
			);
			path = Relationships;
			sourceTree = "<group>";
		};
		335F65792BF525B100582CC1 /* Updates */ = {
			isa = PBXGroup;
			children = (
				335F657A2BF525C200582CC1 /* DFMUserUpdater.swift */,
				33EDDF272BF5ACC400FBE476 /* DFMGuildsUpdater.swift */,
				338BA14B2BF6CE490084ED05 /* DFMUserReferenceUpdater.swift */,
				338BA1532BF798C50084ED05 /* DFMPrivateChannelsUpdater.swift */,
				33AAD1262C0D660B00DD888D /* DFMPresencesUpdater.swift */,
				33AAD1332C10B63300DD888D /* DFMMessageUpdater.swift */,
			);
			path = Updates;
			sourceTree = "<group>";
		};
		338BA14D2BF6D57D0084ED05 /* DFMOrganisation */ = {
			isa = PBXGroup;
			children = (
				338BA14E2BF6D5930084ED05 /* DFMChannelViewData.swift */,
			);
			path = DFMOrganisation;
			sourceTree = "<group>";
		};
		338BA1502BF6D63B0084ED05 /* DFMOrganisation */ = {
			isa = PBXGroup;
			children = (
				338BA1512BF6D64A0084ED05 /* DFMGuildViewData.swift */,
			);
			path = DFMOrganisation;
			sourceTree = "<group>";
		};
		33A8020B2C0D58F30068AA11 /* ReadySupplemental */ = {
			isa = PBXGroup;
			children = (
				33A8020C2C0D59220068AA11 /* DFMGatewayServerReadySupplemental.swift */,
			);
			path = ReadySupplemental;
			sourceTree = "<group>";
		};
		33AAD1302C10968E00DD888D /* MessageCreate */ = {
			isa = PBXGroup;
			children = (
				33AAD1312C10969F00DD888D /* DFMGatewayServerMessage.swift */,
			);
			path = MessageCreate;
			sourceTree = "<group>";
		};
		33AC89702BED209100BDC7E2 = {
			isa = PBXGroup;
			children = (
				335316F72C17A87E0003B1BB /* README.md */,
				33AC897B2BED209100BDC7E2 /* DiscordForMac */,
				33AC897A2BED209100BDC7E2 /* Products */,
			);
			sourceTree = "<group>";
		};
		33AC897A2BED209100BDC7E2 /* Products */ = {
			isa = PBXGroup;
			children = (
				33AC89792BED209100BDC7E2 /* DiscordForMac.app */,
			);
			name = Products;
			sourceTree = "<group>";
		};
		33AC897B2BED209100BDC7E2 /* DiscordForMac */ = {
			isa = PBXGroup;
			children = (
				33AAD12C2C0FE70800DD888D /* Info.plist */,
				33AC898B2BED3A2700BDC7E2 /* API */,
				335F654D2BF02B0000582CC1 /* Interface */,
				33AC89942BEE76E400BDC7E2 /* Libs */,
				33AC897C2BED209100BDC7E2 /* DiscordForMacApp.swift */,
				33AC897E2BED209100BDC7E2 /* ContentView.swift */,
				33AC89802BED209400BDC7E2 /* Assets.xcassets */,
				33AC89822BED209400BDC7E2 /* DiscordForMac.entitlements */,
				33AC89832BED209400BDC7E2 /* Preview Content */,
			);
			path = DiscordForMac;
			sourceTree = "<group>";
		};
		33AC89832BED209400BDC7E2 /* Preview Content */ = {
			isa = PBXGroup;
			children = (
				33AC89842BED209400BDC7E2 /* Preview Assets.xcassets */,
			);
			path = "Preview Content";
			sourceTree = "<group>";
		};
		33AC898B2BED3A2700BDC7E2 /* API */ = {
			isa = PBXGroup;
			children = (
				335F65792BF525B100582CC1 /* Updates */,
				33AC899E2BEEEAC900BDC7E2 /* Requests */,
				33AC899D2BEEEAC000BDC7E2 /* Structures */,
			);
			path = API;
			sourceTree = "<group>";
		};
		33AC89942BEE76E400BDC7E2 /* Libs */ = {
			isa = PBXGroup;
			children = (
				335F655A2BF1009400582CC1 /* Data */,
				335F655D2BF2966C00582CC1 /* Gateway */,
				335F652E2BEFB72000582CC1 /* Types */,
				33AC899A2BEE914200BDC7E2 /* Extensions */,
				33AC89952BEE784B00BDC7E2 /* DFMImage */,
			);
			path = Libs;
			sourceTree = "<group>";
		};
		33AC89952BEE784B00BDC7E2 /* DFMImage */ = {
			isa = PBXGroup;
			children = (
				33AC89922BEE737100BDC7E2 /* DFMImageCache.swift */,
				33AC89982BEE78AF00BDC7E2 /* DFMImageView.swift */,
			);
			path = DFMImage;
			sourceTree = "<group>";
		};
		33AC899A2BEE914200BDC7E2 /* Extensions */ = {
			isa = PBXGroup;
			children = (
				33B967C92C1A6A8100032CD9 /* DFMFunctions.swift */,
				33B967C72C1A63DA00032CD9 /* VisualEffectView.swift */,
				33AC899B2BEE916100BDC7E2 /* NSRegularExpression.swift */,
				335F65522BF03CBD00582CC1 /* CaseIterableDefaultsLast.swift */,
				335F655E2BF2CDC700582CC1 /* CodableExplicitNull.swift */,
				335F657E2BF538E600582CC1 /* DateFormatter.swift */,
			);
			path = Extensions;
			sourceTree = "<group>";
		};
		33AC899D2BEEEAC000BDC7E2 /* Structures */ = {
			isa = PBXGroup;
			children = (
				33D0C12E2BFFD77900905F06 /* Messages */,
				335F65742BF4F01600582CC1 /* Relationships */,
				335F65602BF2CE2F00582CC1 /* Gateway */,
				33AC89AD2BEFAB7200BDC7E2 /* Guilds */,
				33AC89AC2BEFAB6800BDC7E2 /* Channels */,
				33AC89AB2BEFAB6000BDC7E2 /* Users */,
			);
			path = Structures;
			sourceTree = "<group>";
		};
		33AC899E2BEEEAC900BDC7E2 /* Requests */ = {
			isa = PBXGroup;
			children = (
				33AC89A22BEEEB8700BDC7E2 /* Guilds */,
				338F7C312C0B9E33008EBDA0 /* GetMessages.swift */,
				338F7C332C0CD341008EBDA0 /* GetPresences.swift */,
				33AAD12A2C0F7DD700DD888D /* SendMessage.swift */,
			);
			path = Requests;
			sourceTree = "<group>";
		};
		33AC89A22BEEEB8700BDC7E2 /* Guilds */ = {
			isa = PBXGroup;
			children = (
				33AC899F2BEEEAF300BDC7E2 /* GetDFMGuildsList.swift */,
				335F65542BF060D100582CC1 /* GetDFMUserInfo.swift */,
			);
			path = Guilds;
			sourceTree = "<group>";
		};
		33AC89AB2BEFAB6000BDC7E2 /* Users */ = {
			isa = PBXGroup;
			children = (
				33AC89A72BEEFEF300BDC7E2 /* DFMUser.swift */,
				338F7C352C0CD4CB008EBDA0 /* DFMPresence.swift */,
			);
			path = Users;
			sourceTree = "<group>";
		};
		33AC89AC2BEFAB6800BDC7E2 /* Channels */ = {
			isa = PBXGroup;
			children = (
				338BA14D2BF6D57D0084ED05 /* DFMOrganisation */,
				33AC89A42BEEF91300BDC7E2 /* DFMChannel.swift */,
				33AC89A92BEFA5BD00BDC7E2 /* DFMChannelEnums.swift */,
				335F653F2BF0039A00582CC1 /* DFMChannelType.swift */,
				335F65412BF003F300582CC1 /* DFMPermissionOverride.swift */,
				335F65432BF005A800582CC1 /* DFMThreadMetadata.swift */,
				335F65472BF01B9500582CC1 /* DFMThreadMember.swift */,
				335F65492BF01D2400582CC1 /* DFMForumTag.swift */,
				335F654B2BF0200B00582CC1 /* DFMDefaultReaction.swift */,
			);
			path = Channels;
			sourceTree = "<group>";
		};
		33AC89AD2BEFAB7200BDC7E2 /* Guilds */ = {
			isa = PBXGroup;
			children = (
				338BA1502BF6D63B0084ED05 /* DFMOrganisation */,
				33AC898E2BED3A6C00BDC7E2 /* DFMGuild.swift */,
				335F65452BF008E700582CC1 /* DFMGuildMember.swift */,
				335F65332BEFF4F800582CC1 /* DFMRole.swift */,
				335F65352BEFF79C00582CC1 /* DFMEmoji.swift */,
				335F65372BEFF84F00582CC1 /* DFMGuildFeature.swift */,
				335F65392BEFF8BF00582CC1 /* DFMWelcomeScreen.swift */,
				335F653B2BEFF9B300582CC1 /* DFMSticker.swift */,
			);
			path = Guilds;
			sourceTree = "<group>";
		};
		33D0C12E2BFFD77900905F06 /* Messages */ = {
			isa = PBXGroup;
			children = (
				33D0C12F2BFFD78800905F06 /* DFMMessage.swift */,
			);
			path = Messages;
			sourceTree = "<group>";
		};
/* End PBXGroup section */

/* Begin PBXNativeTarget section */
		33AC89782BED209100BDC7E2 /* DiscordForMac */ = {
			isa = PBXNativeTarget;
			buildConfigurationList = 33AC89882BED209400BDC7E2 /* Build configuration list for PBXNativeTarget "DiscordForMac" */;
			buildPhases = (
				33AC89752BED209100BDC7E2 /* Sources */,
				33AC89762BED209100BDC7E2 /* Frameworks */,
				33AC89772BED209100BDC7E2 /* Resources */,
			);
			buildRules = (
			);
			dependencies = (
			);
			name = DiscordForMac;
			packageProductDependencies = (
				33B967C22C18B6C000032CD9 /* KeychainAccess */,
			);
			productName = DiscordForMac;
			productReference = 33AC89792BED209100BDC7E2 /* DiscordForMac.app */;
			productType = "com.apple.product-type.application";
		};
/* End PBXNativeTarget section */

/* Begin PBXProject section */
		33AC89712BED209100BDC7E2 /* Project object */ = {
			isa = PBXProject;
			attributes = {
				BuildIndependentTargetsInParallel = 1;
				LastSwiftUpdateCheck = 1530;
				LastUpgradeCheck = 1530;
				TargetAttributes = {
					33AC89782BED209100BDC7E2 = {
						CreatedOnToolsVersion = 15.3;
					};
				};
			};
			buildConfigurationList = 33AC89742BED209100BDC7E2 /* Build configuration list for PBXProject "DiscordForMac" */;
			compatibilityVersion = "Xcode 14.0";
			developmentRegion = en;
			hasScannedForEncodings = 0;
			knownRegions = (
				en,
				Base,
			);
			mainGroup = 33AC89702BED209100BDC7E2;
			packageReferences = (
				33B967C12C18B6C000032CD9 /* XCRemoteSwiftPackageReference "KeychainAccess" */,
			);
			productRefGroup = 33AC897A2BED209100BDC7E2 /* Products */;
			projectDirPath = "";
			projectRoot = "";
			targets = (
				33AC89782BED209100BDC7E2 /* DiscordForMac */,
			);
		};
/* End PBXProject section */

/* Begin PBXResourcesBuildPhase section */
		33AC89772BED209100BDC7E2 /* Resources */ = {
			isa = PBXResourcesBuildPhase;
			buildActionMask = 2147483647;
			files = (
				33AC89852BED209400BDC7E2 /* Preview Assets.xcassets in Resources */,
				33AC89812BED209400BDC7E2 /* Assets.xcassets in Resources */,
			);
			runOnlyForDeploymentPostprocessing = 0;
		};
/* End PBXResourcesBuildPhase section */

/* Begin PBXSourcesBuildPhase section */
		33AC89752BED209100BDC7E2 /* Sources */ = {
			isa = PBXSourcesBuildPhase;
			buildActionMask = 2147483647;
			files = (
				335F65482BF01B9500582CC1 /* DFMThreadMember.swift in Sources */,
				33AC89932BEE737100BDC7E2 /* DFMImageCache.swift in Sources */,
				33B967C82C1A63E300032CD9 /* VisualEffectView.swift in Sources */,
				33AC897F2BED209100BDC7E2 /* ContentView.swift in Sources */,
				33AAD1322C10969F00DD888D /* DFMGatewayServerMessage.swift in Sources */,
				335F655C2BF100A300582CC1 /* DFMInformation.swift in Sources */,
				33AAD1292C0E7E7900DD888D /* DFMMessageView.swift in Sources */,
				33AC898F2BED3A6C00BDC7E2 /* DFMGuild.swift in Sources */,
				33AC899C2BEE916100BDC7E2 /* NSRegularExpression.swift in Sources */,
				335F65362BEFF79C00582CC1 /* DFMEmoji.swift in Sources */,
				335F653E2BEFFCDE00582CC1 /* DFMPermission.swift in Sources */,
				335F65552BF060D100582CC1 /* GetDFMUserInfo.swift in Sources */,
				335F653C2BEFF9B300582CC1 /* DFMSticker.swift in Sources */,
				335F657B2BF525C200582CC1 /* DFMUserUpdater.swift in Sources */,
				33A8020D2C0D59220068AA11 /* DFMGatewayServerReadySupplemental.swift in Sources */,
				335F654C2BF0200B00582CC1 /* DFMDefaultReaction.swift in Sources */,
				33AAD1272C0D660B00DD888D /* DFMPresencesUpdater.swift in Sources */,
				335F65732BF4ED0600582CC1 /* DFMGatewayServerReady.swift in Sources */,
				338F7C342C0CD341008EBDA0 /* GetPresences.swift in Sources */,
				335F654A2BF01D2400582CC1 /* DFMForumTag.swift in Sources */,
				33AAD1342C10B63300DD888D /* DFMMessageUpdater.swift in Sources */,
				335F65592BF06C3000582CC1 /* DFMUserSelfView.swift in Sources */,
				338BA1542BF798C50084ED05 /* DFMPrivateChannelsUpdater.swift in Sources */,
				335F657D2BF5286800582CC1 /* DFMGatewayUpdate.swift in Sources */,
				335F65512BF02C1600582CC1 /* DFMGuildListView.swift in Sources */,
				335F65762BF4F02600582CC1 /* DFMGatewayRelationship.swift in Sources */,
				338F7C362C0CD4CB008EBDA0 /* DFMPresence.swift in Sources */,
				335F656E2BF2F9BB00582CC1 /* DFMGatewayConnectionSocket.swift in Sources */,
				335F65672BF2DC1E00582CC1 /* DFMGatewayHeartbeat.swift in Sources */,
				33AAD1382C13925500DD888D /* AppIcon.swift in Sources */,
				33D0C1302BFFD78800905F06 /* DFMMessage.swift in Sources */,
				33AC89A52BEEF91300BDC7E2 /* DFMChannel.swift in Sources */,
				338BA14F2BF6D5930084ED05 /* DFMChannelViewData.swift in Sources */,
				338F7C322C0B9E33008EBDA0 /* GetMessages.swift in Sources */,
				335F65342BEFF4F800582CC1 /* DFMRole.swift in Sources */,
				3379898E2BF654B60072F76B /* DFMChannelListView.swift in Sources */,
				335F65652BF2DBF400582CC1 /* DFMGatewayServerHello.swift in Sources */,
				335F65532BF03CBD00582CC1 /* CaseIterableDefaultsLast.swift in Sources */,
				335F653A2BEFF8BF00582CC1 /* DFMWelcomeScreen.swift in Sources */,
				338BA1562BF7C83F0084ED05 /* DFMPrivateChannelView.swift in Sources */,
				33EDDF282BF5ACC400FBE476 /* DFMGuildsUpdater.swift in Sources */,
				335F65782BF4F0DB00582CC1 /* DFMRelationshipType.swift in Sources */,
				335F65302BEFB73000582CC1 /* Snowflake.swift in Sources */,
				335F65572BF067F200582CC1 /* DFMUserFlags.swift in Sources */,
				335F65382BEFF84F00582CC1 /* DFMGuildFeature.swift in Sources */,
				33AC89992BEE78AF00BDC7E2 /* DFMImageView.swift in Sources */,
				33AC89AA2BEFA5BD00BDC7E2 /* DFMChannelEnums.swift in Sources */,
				338BA1522BF6D64A0084ED05 /* DFMGuildViewData.swift in Sources */,
				335F656C2BF2DC8F00582CC1 /* DFMGatewayClientIdentify.swift in Sources */,
				33AC89A82BEEFEF300BDC7E2 /* DFMUser.swift in Sources */,
				335F65462BF008E700582CC1 /* DFMGuildMember.swift in Sources */,
				33B967C62C18B8A400032CD9 /* LaunchScreen.swift in Sources */,
				33AC897D2BED209100BDC7E2 /* DiscordForMacApp.swift in Sources */,
				338BA14C2BF6CE490084ED05 /* DFMUserReferenceUpdater.swift in Sources */,
				33AAD12B2C0F7DD700DD888D /* SendMessage.swift in Sources */,
				335F65442BF005A800582CC1 /* DFMThreadMetadata.swift in Sources */,
				335F655F2BF2CDC700582CC1 /* CodableExplicitNull.swift in Sources */,
				335F657F2BF538E600582CC1 /* DateFormatter.swift in Sources */,
				335F65422BF003F300582CC1 /* DFMPermissionOverride.swift in Sources */,
				33AC89A02BEEEAF300BDC7E2 /* GetDFMGuildsList.swift in Sources */,
				335F65402BF0039A00582CC1 /* DFMChannelType.swift in Sources */,
				33B967CA2C1A6A8400032CD9 /* DFMFunctions.swift in Sources */,
				335F65622BF2CFDA00582CC1 /* DFMGatewayOp.swift in Sources */,
				33AC89912BED3FC700BDC7E2 /* DFMConstants.swift in Sources */,
			);
			runOnlyForDeploymentPostprocessing = 0;
		};
/* End PBXSourcesBuildPhase section */

/* Begin XCBuildConfiguration section */
		33AC89862BED209400BDC7E2 /* Debug */ = {
			isa = XCBuildConfiguration;
			buildSettings = {
				ALWAYS_SEARCH_USER_PATHS = NO;
				ASSETCATALOG_COMPILER_GENERATE_SWIFT_ASSET_SYMBOL_EXTENSIONS = YES;
				CLANG_ANALYZER_NONNULL = YES;
				CLANG_ANALYZER_NUMBER_OBJECT_CONVERSION = YES_AGGRESSIVE;
				CLANG_CXX_LANGUAGE_STANDARD = "gnu++20";
				CLANG_ENABLE_MODULES = YES;
				CLANG_ENABLE_OBJC_ARC = YES;
				CLANG_ENABLE_OBJC_WEAK = YES;
				CLANG_WARN_BLOCK_CAPTURE_AUTORELEASING = YES;
				CLANG_WARN_BOOL_CONVERSION = YES;
				CLANG_WARN_COMMA = YES;
				CLANG_WARN_CONSTANT_CONVERSION = YES;
				CLANG_WARN_DEPRECATED_OBJC_IMPLEMENTATIONS = YES;
				CLANG_WARN_DIRECT_OBJC_ISA_USAGE = YES_ERROR;
				CLANG_WARN_DOCUMENTATION_COMMENTS = YES;
				CLANG_WARN_EMPTY_BODY = YES;
				CLANG_WARN_ENUM_CONVERSION = YES;
				CLANG_WARN_INFINITE_RECURSION = YES;
				CLANG_WARN_INT_CONVERSION = YES;
				CLANG_WARN_NON_LITERAL_NULL_CONVERSION = YES;
				CLANG_WARN_OBJC_IMPLICIT_RETAIN_SELF = YES;
				CLANG_WARN_OBJC_LITERAL_CONVERSION = YES;
				CLANG_WARN_OBJC_ROOT_CLASS = YES_ERROR;
				CLANG_WARN_QUOTED_INCLUDE_IN_FRAMEWORK_HEADER = YES;
				CLANG_WARN_RANGE_LOOP_ANALYSIS = YES;
				CLANG_WARN_STRICT_PROTOTYPES = YES;
				CLANG_WARN_SUSPICIOUS_MOVE = YES;
				CLANG_WARN_UNGUARDED_AVAILABILITY = YES_AGGRESSIVE;
				CLANG_WARN_UNREACHABLE_CODE = YES;
				CLANG_WARN__DUPLICATE_METHOD_MATCH = YES;
				COPY_PHASE_STRIP = NO;
				DEBUG_INFORMATION_FORMAT = dwarf;
				ENABLE_STRICT_OBJC_MSGSEND = YES;
				ENABLE_TESTABILITY = YES;
				ENABLE_USER_SCRIPT_SANDBOXING = YES;
				GCC_C_LANGUAGE_STANDARD = gnu17;
				GCC_DYNAMIC_NO_PIC = NO;
				GCC_NO_COMMON_BLOCKS = YES;
				GCC_OPTIMIZATION_LEVEL = 0;
				GCC_PREPROCESSOR_DEFINITIONS = (
					"DEBUG=1",
					"$(inherited)",
				);
				GCC_WARN_64_TO_32_BIT_CONVERSION = YES;
				GCC_WARN_ABOUT_RETURN_TYPE = YES_ERROR;
				GCC_WARN_UNDECLARED_SELECTOR = YES;
				GCC_WARN_UNINITIALIZED_AUTOS = YES_AGGRESSIVE;
				GCC_WARN_UNUSED_FUNCTION = YES;
				GCC_WARN_UNUSED_VARIABLE = YES;
				LOCALIZATION_PREFERS_STRING_CATALOGS = YES;
				MTL_ENABLE_DEBUG_INFO = INCLUDE_SOURCE;
				MTL_FAST_MATH = YES;
				ONLY_ACTIVE_ARCH = YES;
				SWIFT_ACTIVE_COMPILATION_CONDITIONS = "DEBUG $(inherited)";
				SWIFT_OPTIMIZATION_LEVEL = "-Onone";
			};
			name = Debug;
		};
		33AC89872BED209400BDC7E2 /* Release */ = {
			isa = XCBuildConfiguration;
			buildSettings = {
				ALWAYS_SEARCH_USER_PATHS = NO;
				ASSETCATALOG_COMPILER_GENERATE_SWIFT_ASSET_SYMBOL_EXTENSIONS = YES;
				CLANG_ANALYZER_NONNULL = YES;
				CLANG_ANALYZER_NUMBER_OBJECT_CONVERSION = YES_AGGRESSIVE;
				CLANG_CXX_LANGUAGE_STANDARD = "gnu++20";
				CLANG_ENABLE_MODULES = YES;
				CLANG_ENABLE_OBJC_ARC = YES;
				CLANG_ENABLE_OBJC_WEAK = YES;
				CLANG_WARN_BLOCK_CAPTURE_AUTORELEASING = YES;
				CLANG_WARN_BOOL_CONVERSION = YES;
				CLANG_WARN_COMMA = YES;
				CLANG_WARN_CONSTANT_CONVERSION = YES;
				CLANG_WARN_DEPRECATED_OBJC_IMPLEMENTATIONS = YES;
				CLANG_WARN_DIRECT_OBJC_ISA_USAGE = YES_ERROR;
				CLANG_WARN_DOCUMENTATION_COMMENTS = YES;
				CLANG_WARN_EMPTY_BODY = YES;
				CLANG_WARN_ENUM_CONVERSION = YES;
				CLANG_WARN_INFINITE_RECURSION = YES;
				CLANG_WARN_INT_CONVERSION = YES;
				CLANG_WARN_NON_LITERAL_NULL_CONVERSION = YES;
				CLANG_WARN_OBJC_IMPLICIT_RETAIN_SELF = YES;
				CLANG_WARN_OBJC_LITERAL_CONVERSION = YES;
				CLANG_WARN_OBJC_ROOT_CLASS = YES_ERROR;
				CLANG_WARN_QUOTED_INCLUDE_IN_FRAMEWORK_HEADER = YES;
				CLANG_WARN_RANGE_LOOP_ANALYSIS = YES;
				CLANG_WARN_STRICT_PROTOTYPES = YES;
				CLANG_WARN_SUSPICIOUS_MOVE = YES;
				CLANG_WARN_UNGUARDED_AVAILABILITY = YES_AGGRESSIVE;
				CLANG_WARN_UNREACHABLE_CODE = YES;
				CLANG_WARN__DUPLICATE_METHOD_MATCH = YES;
				COPY_PHASE_STRIP = NO;
				DEBUG_INFORMATION_FORMAT = "dwarf-with-dsym";
				ENABLE_NS_ASSERTIONS = NO;
				ENABLE_STRICT_OBJC_MSGSEND = YES;
				ENABLE_USER_SCRIPT_SANDBOXING = YES;
				GCC_C_LANGUAGE_STANDARD = gnu17;
				GCC_NO_COMMON_BLOCKS = YES;
				GCC_WARN_64_TO_32_BIT_CONVERSION = YES;
				GCC_WARN_ABOUT_RETURN_TYPE = YES_ERROR;
				GCC_WARN_UNDECLARED_SELECTOR = YES;
				GCC_WARN_UNINITIALIZED_AUTOS = YES_AGGRESSIVE;
				GCC_WARN_UNUSED_FUNCTION = YES;
				GCC_WARN_UNUSED_VARIABLE = YES;
				LOCALIZATION_PREFERS_STRING_CATALOGS = YES;
				MTL_ENABLE_DEBUG_INFO = NO;
				MTL_FAST_MATH = YES;
				SWIFT_COMPILATION_MODE = wholemodule;
			};
			name = Release;
		};
		33AC89892BED209400BDC7E2 /* Debug */ = {
			isa = XCBuildConfiguration;
			buildSettings = {
				ASSETCATALOG_COMPILER_APPICON_NAME = AppIcon;
				ASSETCATALOG_COMPILER_GLOBAL_ACCENT_COLOR_NAME = AccentColor;
				CODE_SIGN_ENTITLEMENTS = DiscordForMac/DiscordForMac.entitlements;
				CODE_SIGN_IDENTITY = "Apple Development";
				CODE_SIGN_STYLE = Automatic;
				CURRENT_PROJECT_VERSION = 1;
				DEVELOPMENT_ASSET_PATHS = "\"DiscordForMac/Preview Content\"";
				DEVELOPMENT_TEAM = LG9VHH63DQ;
				ENABLE_HARDENED_RUNTIME = YES;
				ENABLE_PREVIEWS = YES;
				GCC_PREPROCESSOR_DEFINITIONS = (
					"NOAPIPHONEHOME=1",
					"DEBUG=1",
				);
				GENERATE_INFOPLIST_FILE = YES;
				INFOPLIST_FILE = DiscordForMac/Info.plist;
				INFOPLIST_KEY_CFBundleDisplayName = "";
				"INFOPLIST_KEY_CFBundleDisplayName[sdk=iphoneos*]" = DiscordForiOS;
				"INFOPLIST_KEY_CFBundleDisplayName[sdk=macosx*]" = DiscordForMac;
				INFOPLIST_KEY_LSApplicationCategoryType = "public.app-category.social-networking";
				"INFOPLIST_KEY_UIApplicationSceneManifest_Generation[sdk=iphoneos*]" = YES;
				"INFOPLIST_KEY_UIApplicationSceneManifest_Generation[sdk=iphonesimulator*]" = YES;
				"INFOPLIST_KEY_UIApplicationSupportsIndirectInputEvents[sdk=iphoneos*]" = YES;
				"INFOPLIST_KEY_UIApplicationSupportsIndirectInputEvents[sdk=iphonesimulator*]" = YES;
				"INFOPLIST_KEY_UILaunchScreen_Generation[sdk=iphoneos*]" = YES;
				"INFOPLIST_KEY_UILaunchScreen_Generation[sdk=iphonesimulator*]" = YES;
				"INFOPLIST_KEY_UIStatusBarStyle[sdk=iphoneos*]" = UIStatusBarStyleDefault;
				"INFOPLIST_KEY_UIStatusBarStyle[sdk=iphonesimulator*]" = UIStatusBarStyleDefault;
				INFOPLIST_KEY_UISupportedInterfaceOrientations_iPad = "UIInterfaceOrientationPortrait UIInterfaceOrientationPortraitUpsideDown UIInterfaceOrientationLandscapeLeft UIInterfaceOrientationLandscapeRight";
				INFOPLIST_KEY_UISupportedInterfaceOrientations_iPhone = "UIInterfaceOrientationPortrait UIInterfaceOrientationLandscapeLeft UIInterfaceOrientationLandscapeRight";
				IPHONEOS_DEPLOYMENT_TARGET = 16.0;
				LD_RUNPATH_SEARCH_PATHS = "@executable_path/Frameworks";
				"LD_RUNPATH_SEARCH_PATHS[sdk=macosx*]" = "@executable_path/../Frameworks";
				MACOSX_DEPLOYMENT_TARGET = 13.0;
				MARKETING_VERSION = 1.0;
				NoApiPhoneHome = 1;
				PRODUCT_BUNDLE_IDENTIFIER = dev.atomtables.DiscordForMac;
				PRODUCT_NAME = "$(TARGET_NAME)";
				PROVISIONING_PROFILE_SPECIFIER = "";
				SDKROOT = auto;
				SUPPORTED_PLATFORMS = "iphoneos iphonesimulator macosx";
				SWIFT_EMIT_LOC_STRINGS = YES;
				SWIFT_VERSION = 5.0;
				TARGETED_DEVICE_FAMILY = "1,2";
			};
			name = Debug;
		};
		33AC898A2BED209400BDC7E2 /* Release */ = {
			isa = XCBuildConfiguration;
			buildSettings = {
				ASSETCATALOG_COMPILER_APPICON_NAME = AppIcon;
				ASSETCATALOG_COMPILER_GLOBAL_ACCENT_COLOR_NAME = AccentColor;
				CODE_SIGN_ENTITLEMENTS = DiscordForMac/DiscordForMac.entitlements;
				CODE_SIGN_IDENTITY = "Apple Development";
				CODE_SIGN_STYLE = Automatic;
				CURRENT_PROJECT_VERSION = 1;
				DEVELOPMENT_ASSET_PATHS = "\"DiscordForMac/Preview Content\"";
				DEVELOPMENT_TEAM = LG9VHH63DQ;
				ENABLE_HARDENED_RUNTIME = YES;
				ENABLE_PREVIEWS = YES;
				GCC_PREPROCESSOR_DEFINITIONS = "NOAPIPHONEHOME=1";
				GENERATE_INFOPLIST_FILE = YES;
				INFOPLIST_FILE = DiscordForMac/Info.plist;
				INFOPLIST_KEY_CFBundleDisplayName = "";
				"INFOPLIST_KEY_CFBundleDisplayName[sdk=iphoneos*]" = DiscordForiOS;
				"INFOPLIST_KEY_CFBundleDisplayName[sdk=macosx*]" = DiscordForMac;
				INFOPLIST_KEY_LSApplicationCategoryType = "public.app-category.social-networking";
				"INFOPLIST_KEY_UIApplicationSceneManifest_Generation[sdk=iphoneos*]" = YES;
				"INFOPLIST_KEY_UIApplicationSceneManifest_Generation[sdk=iphonesimulator*]" = YES;
				"INFOPLIST_KEY_UIApplicationSupportsIndirectInputEvents[sdk=iphoneos*]" = YES;
				"INFOPLIST_KEY_UIApplicationSupportsIndirectInputEvents[sdk=iphonesimulator*]" = YES;
				"INFOPLIST_KEY_UILaunchScreen_Generation[sdk=iphoneos*]" = YES;
				"INFOPLIST_KEY_UILaunchScreen_Generation[sdk=iphonesimulator*]" = YES;
				"INFOPLIST_KEY_UIStatusBarStyle[sdk=iphoneos*]" = UIStatusBarStyleDefault;
				"INFOPLIST_KEY_UIStatusBarStyle[sdk=iphonesimulator*]" = UIStatusBarStyleDefault;
				INFOPLIST_KEY_UISupportedInterfaceOrientations_iPad = "UIInterfaceOrientationPortrait UIInterfaceOrientationPortraitUpsideDown UIInterfaceOrientationLandscapeLeft UIInterfaceOrientationLandscapeRight";
				INFOPLIST_KEY_UISupportedInterfaceOrientations_iPhone = "UIInterfaceOrientationPortrait UIInterfaceOrientationLandscapeLeft UIInterfaceOrientationLandscapeRight";
				IPHONEOS_DEPLOYMENT_TARGET = 16.0;
				LD_RUNPATH_SEARCH_PATHS = "@executable_path/Frameworks";
				"LD_RUNPATH_SEARCH_PATHS[sdk=macosx*]" = "@executable_path/../Frameworks";
				MACOSX_DEPLOYMENT_TARGET = 13.0;
				MARKETING_VERSION = 1.0;
				NoApiPhoneHome = 1;
				PRODUCT_BUNDLE_IDENTIFIER = dev.atomtables.DiscordForMac;
				PRODUCT_NAME = "$(TARGET_NAME)";
				PROVISIONING_PROFILE_SPECIFIER = "";
				SDKROOT = auto;
				SUPPORTED_PLATFORMS = "iphoneos iphonesimulator macosx";
				SWIFT_EMIT_LOC_STRINGS = YES;
				SWIFT_VERSION = 5.0;
				TARGETED_DEVICE_FAMILY = "1,2";
			};
			name = Release;
		};
/* End XCBuildConfiguration section */

/* Begin XCConfigurationList section */
		33AC89742BED209100BDC7E2 /* Build configuration list for PBXProject "DiscordForMac" */ = {
			isa = XCConfigurationList;
			buildConfigurations = (
				33AC89862BED209400BDC7E2 /* Debug */,
				33AC89872BED209400BDC7E2 /* Release */,
			);
			defaultConfigurationIsVisible = 0;
			defaultConfigurationName = Release;
		};
		33AC89882BED209400BDC7E2 /* Build configuration list for PBXNativeTarget "DiscordForMac" */ = {
			isa = XCConfigurationList;
			buildConfigurations = (
				33AC89892BED209400BDC7E2 /* Debug */,
				33AC898A2BED209400BDC7E2 /* Release */,
			);
			defaultConfigurationIsVisible = 0;
			defaultConfigurationName = Release;
		};
/* End XCConfigurationList section */

/* Begin XCRemoteSwiftPackageReference section */
		33B967C12C18B6C000032CD9 /* XCRemoteSwiftPackageReference "KeychainAccess" */ = {
			isa = XCRemoteSwiftPackageReference;
			repositoryURL = "https://github.com/kishikawakatsumi/KeychainAccess.git";
			requirement = {
				branch = master;
				kind = branch;
			};
		};
/* End XCRemoteSwiftPackageReference section */

/* Begin XCSwiftPackageProductDependency section */
		33B967C22C18B6C000032CD9 /* KeychainAccess */ = {
			isa = XCSwiftPackageProductDependency;
			package = 33B967C12C18B6C000032CD9 /* XCRemoteSwiftPackageReference "KeychainAccess" */;
			productName = KeychainAccess;
		};
/* End XCSwiftPackageProductDependency section */
	};
	rootObject = 33AC89712BED209100BDC7E2 /* Project object */;
}
